
Microsoft Visual Studio Solution File, Format Version 12.00
# Visual Studio 15
VisualStudioVersion = 15.0.27703.2035
MinimumVisualStudioVersion = 10.0.40219.1
Project("{FAE04EC0-301F-11D3-BF4B-00C04F79EFBC}") = "BeerTest", "BeerTest\BeerTest.csproj", "{1DF03B60-2FD9-4BDF-92C5-F757F1937916}"
EndProject
Project("{FAE04EC0-301F-11D3-BF4B-00C04F79EFBC}") = "BeerTest.Test", "BeerTest.Test\BeerTest.Test.csproj", "{2E772590-4FDC-4D4A-9962-5729F07F6E90}"
EndProject
Global
	GlobalSection(SolutionConfigurationPlatforms) = preSolution
		Debug|Any CPU = Debug|Any CPU
		Release|Any CPU = Release|Any CPU
	EndGlobalSection
	GlobalSection(ProjectConfigurationPlatforms) = postSolution
		{1DF03B60-2FD9-4BDF-92C5-F757F1937916}.Debug|Any CPU.ActiveCfg = Debug|Any CPU
		{1DF03B60-2FD9-4BDF-92C5-F757F1937916}.Debug|Any CPU.Build.0 = Debug|Any CPU
		{1DF03B60-2FD9-4BDF-92C5-F757F1937916}.Release|Any CPU.ActiveCfg = Release|Any CPU
		{1DF03B60-2FD9-4BDF-92C5-F757F1937916}.Release|Any CPU.Build.0 = Release|Any CPU
		{2E772590-4FDC-4D4A-9962-5729F07F6E90}.Debug|Any CPU.ActiveCfg = Debug|Any CPU
		{2E772590-4FDC-4D4A-9962-5729F07F6E90}.Debug|Any CPU.Build.0 = Debug|Any CPU
		{2E772590-4FDC-4D4A-9962-5729F07F6E90}.Release|Any CPU.ActiveCfg = Release|Any CPU
		{2E772590-4FDC-4D4A-9962-5729F07F6E90}.Release|Any CPU.Build.0 = Release|Any CPU
	EndGlobalSection
	GlobalSection(SolutionProperties) = preSolution
		HideSolutionNode = FALSE
	EndGlobalSection
	GlobalSection(ExtensibilityGlobals) = postSolution
		SolutionGuid = {634E4AA0-0257-410C-B7CC-B7D778E24938}
	EndGlobalSection
EndGlobal
